
Microsoft Visual Studio Solution File, Format Version 12.00
# Visual Studio 15
VisualStudioVersion = 15.0.35319.79
MinimumVisualStudioVersion = 10.0.40219.1
Project("{8BC9CEB8-8B4A-11D0-8D11-00A0C91BC942}") = "PS4_Project1", "PS4_Project1\PS4_Project1.vcxproj", "{7CD2A5CE-DC2C-416A-9FEE-222BC6A5AEB7}"
EndProject
Global
	GlobalSection(SolutionConfigurationPlatforms) = preSolution
		Debug|ORBIS = Debug|ORBIS
		Release|ORBIS = Release|ORBIS
	EndGlobalSection
	GlobalSection(ProjectConfigurationPlatforms) = postSolution
		{7CD2A5CE-DC2C-416A-9FEE-222BC6A5AEB7}.Debug|ORBIS.ActiveCfg = Debug|ORBIS
		{7CD2A5CE-DC2C-416A-9FEE-222BC6A5AEB7}.Debug|ORBIS.Build.0 = Debug|ORBIS
		{7CD2A5CE-DC2C-416A-9FEE-222BC6A5AEB7}.Release|ORBIS.ActiveCfg = Release|ORBIS
		{7CD2A5CE-DC2C-416A-9FEE-222BC6A5AEB7}.Release|ORBIS.Build.0 = Release|ORBIS
	EndGlobalSection
	GlobalSection(SolutionProperties) = preSolution
		HideSolutionNode = FALSE
	EndGlobalSection
	GlobalSection(ExtensibilityGlobals) = postSolution
		SolutionGuid = {461691B5-6080-4DC5-8C4F-2D46CB5BD8CC}
	EndGlobalSection
EndGlobal
